
Microsoft Visual Studio Solution File, Format Version 12.00
# Visual Studio 15
VisualStudioVersion = 15.0.28010.2048
MinimumVisualStudioVersion = 10.0.40219.1
Project("{FAE04EC0-301F-11D3-BF4B-00C04F79EFBC}") = "Projeto01", "Projeto01\Projeto01.csproj", "{FDE440AF-9022-4616-916C-EA26143B576E}"
EndProject
Global
	GlobalSection(SolutionConfigurationPlatforms) = preSolution
		Debug|Any CPU = Debug|Any CPU
		Release|Any CPU = Release|Any CPU
	EndGlobalSection
	GlobalSection(ProjectConfigurationPlatforms) = postSolution
		{FDE440AF-9022-4616-916C-EA26143B576E}.Debug|Any CPU.ActiveCfg = Debug|Any CPU
		{FDE440AF-9022-4616-916C-EA26143B576E}.Debug|Any CPU.Build.0 = Debug|Any CPU
		{FDE440AF-9022-4616-916C-EA26143B576E}.Release|Any CPU.ActiveCfg = Release|Any CPU
		{FDE440AF-9022-4616-916C-EA26143B576E}.Release|Any CPU.Build.0 = Release|Any CPU
	EndGlobalSection
	GlobalSection(SolutionProperties) = preSolution
		HideSolutionNode = FALSE
	EndGlobalSection
	GlobalSection(ExtensibilityGlobals) = postSolution
		SolutionGuid = {423F6431-B728-4703-B486-A052A0267F17}
	EndGlobalSection
EndGlobal
